
Microsoft Visual Studio Solution File, Format Version 12.00
# Visual Studio Version 18
VisualStudioVersion = 18.4.11605.240 stable
MinimumVisualStudioVersion = 10.0.40219.1
Project("{FAE04EC0-301F-11D3-BF4B-00C04F79EFBC}") = "WatchTracker.Api", "WatchTracker.Api.csproj", "{268162A2-BF86-27FF-2C91-83D333714074}"
EndProject
Global
	GlobalSection(SolutionConfigurationPlatforms) = preSolution
		Debug|Any CPU = Debug|Any CPU
		Release|Any CPU = Release|Any CPU
	EndGlobalSection
	GlobalSection(ProjectConfigurationPlatforms) = postSolution
		{268162A2-BF86-27FF-2C91-83D333714074}.Debug|Any CPU.ActiveCfg = Debug|Any CPU
		{268162A2-BF86-27FF-2C91-83D333714074}.Debug|Any CPU.Build.0 = Debug|Any CPU
		{268162A2-BF86-27FF-2C91-83D333714074}.Release|Any CPU.ActiveCfg = Release|Any CPU
		{268162A2-BF86-27FF-2C91-83D333714074}.Release|Any CPU.Build.0 = Release|Any CPU
	EndGlobalSection
	GlobalSection(SolutionProperties) = preSolution
		HideSolutionNode = FALSE
	EndGlobalSection
	GlobalSection(ExtensibilityGlobals) = postSolution
		SolutionGuid = {82124011-85D9-4BE6-A49A-AEDD095A1316}
	EndGlobalSection
EndGlobal
